{
  "name": "vinyl-shutter-video",
  "version": "1.0.0",
  "lockfileVersion": 3,
  "requires": true,
  "packages": {
    "": {
      "name": "vinyl-shutter-video",
      "version": "1.0.0",
      "license": "ISC",
      "dependencies": {
        "@fontsource/poppins": "^5.0.8",
        "three": "^0.160.0"
      }
    },
    "node_modules/@fontsource/poppins": {
      "version": "5.0.8",
      "resolved": "https://registry.npmjs.org/@fontsource/poppins/-/poppins-5.0.8.tgz",
      "integrity": "sha512-P8owfYWluoUY5Nyzk4gT/L6LmLmseP6ezFWhj6VBUa5pRIdnCvNJpoQ6i/vhekjtJOfqX6nKlB+LCttoUl2GQQ==",
      "license": "OFL-1.1"
    },
    "node_modules/three": {
      "version": "0.160.0",
      "resolved": "https://registry.npmjs.org/three/-/three-0.160.0.tgz",
      "integrity": "sha512-DLU8lc0zNIPkM7rH5/e1Ks1Z8tWCGRq6g8mPowdDJpw1CFBJMU7UoJjC6PefXW7z//SSl0b2+GCw14LB+uDhng==",
      "license": "MIT"
    }
  }
}
